
Microsoft Visual Studio Solution File, Format Version 12.00
# Visual Studio Version 17
VisualStudioVersion = 17.2.32602.215
MinimumVisualStudioVersion = 10.0.40219.1
Project("{FAE04EC0-301F-11D3-BF4B-00C04F79EFBC}") = "ParcialEjercicioTemperaturas.Consola", "Parcial.Consola\ParcialEjercicioTemperaturas.Consola.csproj", "{2DCCC7B4-BA0C-42F9-81CE-AF28E2842F89}"
EndProject
Project("{FAE04EC0-301F-11D3-BF4B-00C04F79EFBC}") = "ParcialEjercicioTemperaturas.Entidades", "Parcial.Entidades\ParcialEjercicioTemperaturas.Entidades.csproj", "{AE945DC4-4436-4790-9D22-AEEA3FEE7E96}"
EndProject
Global
	GlobalSection(SolutionConfigurationPlatforms) = preSolution
		Debug|Any CPU = Debug|Any CPU
		Release|Any CPU = Release|Any CPU
	EndGlobalSection
	GlobalSection(ProjectConfigurationPlatforms) = postSolution
		{2DCCC7B4-BA0C-42F9-81CE-AF28E2842F89}.Debug|Any CPU.ActiveCfg = Debug|Any CPU
		{2DCCC7B4-BA0C-42F9-81CE-AF28E2842F89}.Debug|Any CPU.Build.0 = Debug|Any CPU
		{2DCCC7B4-BA0C-42F9-81CE-AF28E2842F89}.Release|Any CPU.ActiveCfg = Release|Any CPU
		{2DCCC7B4-BA0C-42F9-81CE-AF28E2842F89}.Release|Any CPU.Build.0 = Release|Any CPU
		{AE945DC4-4436-4790-9D22-AEEA3FEE7E96}.Debug|Any CPU.ActiveCfg = Debug|Any CPU
		{AE945DC4-4436-4790-9D22-AEEA3FEE7E96}.Debug|Any CPU.Build.0 = Debug|Any CPU
		{AE945DC4-4436-4790-9D22-AEEA3FEE7E96}.Release|Any CPU.ActiveCfg = Release|Any CPU
		{AE945DC4-4436-4790-9D22-AEEA3FEE7E96}.Release|Any CPU.Build.0 = Release|Any CPU
	EndGlobalSection
	GlobalSection(SolutionProperties) = preSolution
		HideSolutionNode = FALSE
	EndGlobalSection
	GlobalSection(ExtensibilityGlobals) = postSolution
		SolutionGuid = {E5D6ED08-3CE6-4418-B989-7A981C0C5AD2}
	EndGlobalSection
EndGlobal
